
Microsoft Visual Studio Solution File, Format Version 12.00
# Visual Studio Version 17
VisualStudioVersion = 17.7.34221.43
MinimumVisualStudioVersion = 10.0.40219.1
Project("{9A19103F-16F7-4668-BE54-9A1E7A4F7556}") = "MagpiEnums", "MagpiEnums\MagpiEnums.csproj", "{1C4C57D5-CEE0-4118-B578-11EF8E7750C6}"
EndProject
Project("{2150E333-8FDC-42A3-9474-1A3956D46DE8}") = "Items", "Items", "{1DD5F683-EDE5-4AFE-A405-296DCD95997F}"
	ProjectSection(SolutionItems) = preProject
		.gitignore = .gitignore
		README.md = README.md
	EndProjectSection
EndProject
Project("{9A19103F-16F7-4668-BE54-9A1E7A4F7556}") = "MagpiEnums.Example", "MagpiEnums.Example\MagpiEnums.Example.csproj", "{F66E2F29-3D55-44F3-825C-A902342A724C}"
EndProject
Project("{FAE04EC0-301F-11D3-BF4B-00C04F79EFBC}") = "MagpiEnums.SourceGeneration", "MagpiEnums.SourceGeneration\MagpiEnums.SourceGeneration.csproj", "{EDD8B51A-622E-4CB6-86EC-42F8A82114C4}"
EndProject
Global
	GlobalSection(SolutionConfigurationPlatforms) = preSolution
		Debug|Any CPU = Debug|Any CPU
		Release|Any CPU = Release|Any CPU
	EndGlobalSection
	GlobalSection(ProjectConfigurationPlatforms) = postSolution
		{1C4C57D5-CEE0-4118-B578-11EF8E7750C6}.Debug|Any CPU.ActiveCfg = Debug|Any CPU
		{1C4C57D5-CEE0-4118-B578-11EF8E7750C6}.Debug|Any CPU.Build.0 = Debug|Any CPU
		{1C4C57D5-CEE0-4118-B578-11EF8E7750C6}.Release|Any CPU.ActiveCfg = Release|Any CPU
		{1C4C57D5-CEE0-4118-B578-11EF8E7750C6}.Release|Any CPU.Build.0 = Release|Any CPU
		{F66E2F29-3D55-44F3-825C-A902342A724C}.Debug|Any CPU.ActiveCfg = Debug|Any CPU
		{F66E2F29-3D55-44F3-825C-A902342A724C}.Debug|Any CPU.Build.0 = Debug|Any CPU
		{F66E2F29-3D55-44F3-825C-A902342A724C}.Release|Any CPU.ActiveCfg = Release|Any CPU
		{F66E2F29-3D55-44F3-825C-A902342A724C}.Release|Any CPU.Build.0 = Release|Any CPU
		{EDD8B51A-622E-4CB6-86EC-42F8A82114C4}.Debug|Any CPU.ActiveCfg = Debug|Any CPU
		{EDD8B51A-622E-4CB6-86EC-42F8A82114C4}.Debug|Any CPU.Build.0 = Debug|Any CPU
		{EDD8B51A-622E-4CB6-86EC-42F8A82114C4}.Release|Any CPU.ActiveCfg = Release|Any CPU
		{EDD8B51A-622E-4CB6-86EC-42F8A82114C4}.Release|Any CPU.Build.0 = Release|Any CPU
	EndGlobalSection
	GlobalSection(SolutionProperties) = preSolution
		HideSolutionNode = FALSE
	EndGlobalSection
	GlobalSection(ExtensibilityGlobals) = postSolution
		SolutionGuid = {83C06B4C-F60C-419C-9B69-BD3828CF54BC}
	EndGlobalSection
EndGlobal
